
Microsoft Visual Studio Solution File, Format Version 12.00
# Visual Studio Version 17
VisualStudioVersion = 17.8.34309.116
MinimumVisualStudioVersion = 10.0.40219.1
Project("{FAE04EC0-301F-11D3-BF4B-00C04F79EFBC}") = "ExercicioAula3TecProgramacao", "ExercicioAula3TecProgramacao.csproj", "{35F182B7-06C4-4096-9991-FE0FF2FAE03A}"
EndProject
Global
	GlobalSection(SolutionConfigurationPlatforms) = preSolution
		Debug|Any CPU = Debug|Any CPU
		Release|Any CPU = Release|Any CPU
	EndGlobalSection
	GlobalSection(ProjectConfigurationPlatforms) = postSolution
		{35F182B7-06C4-4096-9991-FE0FF2FAE03A}.Debug|Any CPU.ActiveCfg = Debug|Any CPU
		{35F182B7-06C4-4096-9991-FE0FF2FAE03A}.Debug|Any CPU.Build.0 = Debug|Any CPU
		{35F182B7-06C4-4096-9991-FE0FF2FAE03A}.Release|Any CPU.ActiveCfg = Release|Any CPU
		{35F182B7-06C4-4096-9991-FE0FF2FAE03A}.Release|Any CPU.Build.0 = Release|Any CPU
	EndGlobalSection
	GlobalSection(SolutionProperties) = preSolution
		HideSolutionNode = FALSE
	EndGlobalSection
	GlobalSection(ExtensibilityGlobals) = postSolution
		SolutionGuid = {5247376E-DFA8-4EF7-B612-2CA55DEB9051}
	EndGlobalSection
EndGlobal
